
Microsoft Visual Studio Solution File, Format Version 12.00
# Visual Studio Version 17
VisualStudioVersion = 17.6.33712.159
MinimumVisualStudioVersion = 10.0.40219.1
Project("{9A19103F-16F7-4668-BE54-9A1E7A4F7556}") = "Eset.LogParser", "Eset.LogParser\Eset.LogParser.csproj", "{1F75BE37-9C51-426B-BDC8-3318FE037C05}"
EndProject
Project("{9A19103F-16F7-4668-BE54-9A1E7A4F7556}") = "Eset.ConsoleApp", "Eset.ConsoleApp\Eset.ConsoleApp.csproj", "{F0D5069B-D2C7-4618-B622-8AF40CB65B9D}"
EndProject
Global
	GlobalSection(SolutionConfigurationPlatforms) = preSolution
		Debug|Any CPU = Debug|Any CPU
		Release|Any CPU = Release|Any CPU
	EndGlobalSection
	GlobalSection(ProjectConfigurationPlatforms) = postSolution
		{1F75BE37-9C51-426B-BDC8-3318FE037C05}.Debug|Any CPU.ActiveCfg = Debug|Any CPU
		{1F75BE37-9C51-426B-BDC8-3318FE037C05}.Debug|Any CPU.Build.0 = Debug|Any CPU
		{1F75BE37-9C51-426B-BDC8-3318FE037C05}.Release|Any CPU.ActiveCfg = Release|Any CPU
		{1F75BE37-9C51-426B-BDC8-3318FE037C05}.Release|Any CPU.Build.0 = Release|Any CPU
		{F0D5069B-D2C7-4618-B622-8AF40CB65B9D}.Debug|Any CPU.ActiveCfg = Debug|Any CPU
		{F0D5069B-D2C7-4618-B622-8AF40CB65B9D}.Debug|Any CPU.Build.0 = Debug|Any CPU
		{F0D5069B-D2C7-4618-B622-8AF40CB65B9D}.Release|Any CPU.ActiveCfg = Release|Any CPU
		{F0D5069B-D2C7-4618-B622-8AF40CB65B9D}.Release|Any CPU.Build.0 = Release|Any CPU
	EndGlobalSection
	GlobalSection(SolutionProperties) = preSolution
		HideSolutionNode = FALSE
	EndGlobalSection
	GlobalSection(ExtensibilityGlobals) = postSolution
		SolutionGuid = {930EAA1B-3956-4956-AA60-459E820554DA}
	EndGlobalSection
EndGlobal
